github.com/lib/pq v1.10.9 h1:YXG7RB+JIjhP29X+OtkiDnYaXQwpS4JEWq7dtCCRUEw=
github.com/lib/pq v1.10.9/go.mod h1:AlVN5x4E4T544tWzH6hKfbfQvm3HdbOxrmggDNAPY9o=
github.com/mukappalambda/go-examples v0.0.0-20241029015111-e1b53f2388c3 h1:1oW0mMxb4nClJKsg2URItrdMdwYQmmaKvMrewKWTHyE=
github.com/mukappalambda/go-examples v0.0.0-20241029015111-e1b53f2388c3/go.mod h1:fMDHmnuF0ody17RzOtuL4z5UzsLxgqchb7Ubjj/LHKw=
